
Microsoft Visual Studio Solution File, Format Version 12.00
# Visual Studio Version 17
VisualStudioVersion = 17.9.34728.123
MinimumVisualStudioVersion = 10.0.40219.1
Project("{FAE04EC0-301F-11D3-BF4B-00C04F79EFBC}") = "SystemTrayToolBar", "SystemTrayToolBar\SystemTrayToolBar.csproj", "{9E19D026-F2C5-47C8-8AAE-801BADDA358D}"
EndProject
Global
	GlobalSection(SolutionConfigurationPlatforms) = preSolution
		Debug|Any CPU = Debug|Any CPU
		Release|Any CPU = Release|Any CPU
	EndGlobalSection
	GlobalSection(ProjectConfigurationPlatforms) = postSolution
		{9E19D026-F2C5-47C8-8AAE-801BADDA358D}.Debug|Any CPU.ActiveCfg = Debug|Any CPU
		{9E19D026-F2C5-47C8-8AAE-801BADDA358D}.Debug|Any CPU.Build.0 = Debug|Any CPU
		{9E19D026-F2C5-47C8-8AAE-801BADDA358D}.Release|Any CPU.ActiveCfg = Release|Any CPU
		{9E19D026-F2C5-47C8-8AAE-801BADDA358D}.Release|Any CPU.Build.0 = Release|Any CPU
	EndGlobalSection
	GlobalSection(SolutionProperties) = preSolution
		HideSolutionNode = FALSE
	EndGlobalSection
	GlobalSection(ExtensibilityGlobals) = postSolution
		SolutionGuid = {B7EAD695-E814-4128-B112-A03B4D7C4B25}
	EndGlobalSection
EndGlobal
